
Microsoft Visual Studio Solution File, Format Version 12.00
# Visual Studio 15
VisualStudioVersion = 15.0.28010.2050
MinimumVisualStudioVersion = 10.0.40219.1
Project("{FAE04EC0-301F-11D3-BF4B-00C04F79EFBC}") = "SravanRep", "SravanRep\SravanRep.csproj", "{870BA30A-F510-4CCF-9153-1546F994ED01}"
EndProject
Global
	GlobalSection(SolutionConfigurationPlatforms) = preSolution
		Debug|Any CPU = Debug|Any CPU
		Release|Any CPU = Release|Any CPU
	EndGlobalSection
	GlobalSection(ProjectConfigurationPlatforms) = postSolution
		{870BA30A-F510-4CCF-9153-1546F994ED01}.Debug|Any CPU.ActiveCfg = Debug|Any CPU
		{870BA30A-F510-4CCF-9153-1546F994ED01}.Debug|Any CPU.Build.0 = Debug|Any CPU
		{870BA30A-F510-4CCF-9153-1546F994ED01}.Release|Any CPU.ActiveCfg = Release|Any CPU
		{870BA30A-F510-4CCF-9153-1546F994ED01}.Release|Any CPU.Build.0 = Release|Any CPU
	EndGlobalSection
	GlobalSection(SolutionProperties) = preSolution
		HideSolutionNode = FALSE
	EndGlobalSection
	GlobalSection(ExtensibilityGlobals) = postSolution
		SolutionGuid = {BEC05D5B-B07B-40D8-AA1E-4A5E96F4BD8D}
	EndGlobalSection
EndGlobal
